
Microsoft Visual Studio Solution File, Format Version 12.00
# Visual Studio Version 17
VisualStudioVersion = 17.0.31825.309
MinimumVisualStudioVersion = 10.0.40219.1
Project("{FAE04EC0-301F-11D3-BF4B-00C04F79EFBC}") = "PerfJournal", "PerfJournal.csproj", "{3004EC2C-B932-44AD-B391-80EF2A03EC84}"
EndProject
Global
	GlobalSection(SolutionConfigurationPlatforms) = preSolution
		Debug|Any CPU = Debug|Any CPU
		Release|Any CPU = Release|Any CPU
	EndGlobalSection
	GlobalSection(ProjectConfigurationPlatforms) = postSolution
		{3004EC2C-B932-44AD-B391-80EF2A03EC84}.Debug|Any CPU.ActiveCfg = Debug|Any CPU
		{3004EC2C-B932-44AD-B391-80EF2A03EC84}.Debug|Any CPU.Build.0 = Debug|Any CPU
		{3004EC2C-B932-44AD-B391-80EF2A03EC84}.Release|Any CPU.ActiveCfg = Release|Any CPU
		{3004EC2C-B932-44AD-B391-80EF2A03EC84}.Release|Any CPU.Build.0 = Release|Any CPU
	EndGlobalSection
	GlobalSection(SolutionProperties) = preSolution
		HideSolutionNode = FALSE
	EndGlobalSection
	GlobalSection(ExtensibilityGlobals) = postSolution
		SolutionGuid = {EA136EE5-489A-4BB7-8F56-F154CB1B3687}
	EndGlobalSection
EndGlobal
